
Microsoft Visual Studio Solution File, Format Version 12.00
Project("{FAE04EC0-301F-11D3-BF4B-00C04F79EFBC}") = "Netfuser.Core", "Netfuser\Netfuser.Core\Netfuser.Core.csproj", "{66729AAC-15B8-4797-9FE6-4C46F99901D0}"
EndProject
Project("{FAE04EC0-301F-11D3-BF4B-00C04F79EFBC}") = "Netfuser.Dnext", "Netfuser\Netfuser.Dnext\Netfuser.Dnext.csproj", "{51DAE93B-29FD-4E67-8A28-A3ACFEFF49BE}"
EndProject
Project("{FAE04EC0-301F-11D3-BF4B-00C04F79EFBC}") = "Netfuser.Runtime", "Netfuser\Netfuser.Runtime\Netfuser.Runtime.csproj", "{148E69D9-93C1-4504-AE76-A3B6B883360E}"
EndProject
Project("{FAE04EC0-301F-11D3-BF4B-00C04F79EFBC}") = "Netfuser.Example", "Netfuser\Netfuser.Example\Netfuser.Example.csproj", "{96FF19BA-7E37-48BE-8053-F56960B154A9}"
EndProject
Project("{2150E333-8FDC-42A3-9474-1A3956D46DE8}") = "Base", "Base", "{485B8215-7D03-4087-90DA-EC1EAFC682BC}"
EndProject
Project("{FAE04EC0-301F-11D3-BF4B-00C04F79EFBC}") = "Base.Lang", "Base\Base.Lang\Base.Lang.csproj", "{9F60DF90-2979-4D33-9BF4-3ED638F22682}"
EndProject
Project("{FAE04EC0-301F-11D3-BF4B-00C04F79EFBC}") = "Base.Cil", "Base\Base.Cil\Base.Cil.csproj", "{1BCD99AF-8537-44AF-B2FB-C0C5390A5EC0}"
EndProject
Project("{FAE04EC0-301F-11D3-BF4B-00C04F79EFBC}") = "Base.IO", "Base\Base.IO\Base.IO.csproj", "{60FF3110-BB73-4A6D-9F84-F63DBFB70D04}"
EndProject
Project("{FAE04EC0-301F-11D3-BF4B-00C04F79EFBC}") = "Base.Collections", "Base\Base.Collections\Base.Collections.csproj", "{3E29A50A-045D-4654-B422-CD61E1FE09AE}"
EndProject
Project("{FAE04EC0-301F-11D3-BF4B-00C04F79EFBC}") = "Base.Logging", "Base\Base.Logging\Base.Logging.csproj", "{EF8230CD-A31B-4AAF-98DD-8E037AAE996C}"
EndProject
Project("{FAE04EC0-301F-11D3-BF4B-00C04F79EFBC}") = "Base.Rng", "Base\Base.Rng\Base.Rng.csproj", "{DECE4A98-3899-405E-9853-258BE7D80417}"
EndProject
Project("{FAE04EC0-301F-11D3-BF4B-00C04F79EFBC}") = "Base.Text", "Base\Base.Text\Base.Text.csproj", "{4495B1B2-6A97-46EC-AFF3-CC3BFDC43091}"
EndProject
Global
	GlobalSection(SolutionConfigurationPlatforms) = preSolution
		Debug|Any CPU = Debug|Any CPU
		Release|Any CPU = Release|Any CPU
	EndGlobalSection
	GlobalSection(ProjectConfigurationPlatforms) = postSolution
		{66729AAC-15B8-4797-9FE6-4C46F99901D0}.Debug|Any CPU.ActiveCfg = Debug|Any CPU
		{66729AAC-15B8-4797-9FE6-4C46F99901D0}.Debug|Any CPU.Build.0 = Debug|Any CPU
		{66729AAC-15B8-4797-9FE6-4C46F99901D0}.Release|Any CPU.ActiveCfg = Release|Any CPU
		{66729AAC-15B8-4797-9FE6-4C46F99901D0}.Release|Any CPU.Build.0 = Release|Any CPU
		{51DAE93B-29FD-4E67-8A28-A3ACFEFF49BE}.Debug|Any CPU.ActiveCfg = Debug|Any CPU
		{51DAE93B-29FD-4E67-8A28-A3ACFEFF49BE}.Debug|Any CPU.Build.0 = Debug|Any CPU
		{51DAE93B-29FD-4E67-8A28-A3ACFEFF49BE}.Release|Any CPU.ActiveCfg = Release|Any CPU
		{51DAE93B-29FD-4E67-8A28-A3ACFEFF49BE}.Release|Any CPU.Build.0 = Release|Any CPU
		{148E69D9-93C1-4504-AE76-A3B6B883360E}.Debug|Any CPU.ActiveCfg = Debug|Any CPU
		{148E69D9-93C1-4504-AE76-A3B6B883360E}.Debug|Any CPU.Build.0 = Debug|Any CPU
		{148E69D9-93C1-4504-AE76-A3B6B883360E}.Release|Any CPU.ActiveCfg = Release|Any CPU
		{148E69D9-93C1-4504-AE76-A3B6B883360E}.Release|Any CPU.Build.0 = Release|Any CPU
		{96FF19BA-7E37-48BE-8053-F56960B154A9}.Debug|Any CPU.ActiveCfg = Debug|Any CPU
		{96FF19BA-7E37-48BE-8053-F56960B154A9}.Debug|Any CPU.Build.0 = Debug|Any CPU
		{96FF19BA-7E37-48BE-8053-F56960B154A9}.Release|Any CPU.ActiveCfg = Release|Any CPU
		{96FF19BA-7E37-48BE-8053-F56960B154A9}.Release|Any CPU.Build.0 = Release|Any CPU
		{9F60DF90-2979-4D33-9BF4-3ED638F22682}.Debug|Any CPU.ActiveCfg = Debug|Any CPU
		{9F60DF90-2979-4D33-9BF4-3ED638F22682}.Debug|Any CPU.Build.0 = Debug|Any CPU
		{9F60DF90-2979-4D33-9BF4-3ED638F22682}.Release|Any CPU.ActiveCfg = Release|Any CPU
		{9F60DF90-2979-4D33-9BF4-3ED638F22682}.Release|Any CPU.Build.0 = Release|Any CPU
		{1BCD99AF-8537-44AF-B2FB-C0C5390A5EC0}.Debug|Any CPU.ActiveCfg = Debug|Any CPU
		{1BCD99AF-8537-44AF-B2FB-C0C5390A5EC0}.Debug|Any CPU.Build.0 = Debug|Any CPU
		{1BCD99AF-8537-44AF-B2FB-C0C5390A5EC0}.Release|Any CPU.ActiveCfg = Release|Any CPU
		{1BCD99AF-8537-44AF-B2FB-C0C5390A5EC0}.Release|Any CPU.Build.0 = Release|Any CPU
		{60FF3110-BB73-4A6D-9F84-F63DBFB70D04}.Debug|Any CPU.ActiveCfg = Debug|Any CPU
		{60FF3110-BB73-4A6D-9F84-F63DBFB70D04}.Debug|Any CPU.Build.0 = Debug|Any CPU
		{60FF3110-BB73-4A6D-9F84-F63DBFB70D04}.Release|Any CPU.ActiveCfg = Release|Any CPU
		{60FF3110-BB73-4A6D-9F84-F63DBFB70D04}.Release|Any CPU.Build.0 = Release|Any CPU
		{3E29A50A-045D-4654-B422-CD61E1FE09AE}.Debug|Any CPU.ActiveCfg = Debug|Any CPU
		{3E29A50A-045D-4654-B422-CD61E1FE09AE}.Debug|Any CPU.Build.0 = Debug|Any CPU
		{3E29A50A-045D-4654-B422-CD61E1FE09AE}.Release|Any CPU.ActiveCfg = Release|Any CPU
		{3E29A50A-045D-4654-B422-CD61E1FE09AE}.Release|Any CPU.Build.0 = Release|Any CPU
		{EF8230CD-A31B-4AAF-98DD-8E037AAE996C}.Debug|Any CPU.ActiveCfg = Debug|Any CPU
		{EF8230CD-A31B-4AAF-98DD-8E037AAE996C}.Debug|Any CPU.Build.0 = Debug|Any CPU
		{EF8230CD-A31B-4AAF-98DD-8E037AAE996C}.Release|Any CPU.ActiveCfg = Release|Any CPU
		{EF8230CD-A31B-4AAF-98DD-8E037AAE996C}.Release|Any CPU.Build.0 = Release|Any CPU
		{DECE4A98-3899-405E-9853-258BE7D80417}.Debug|Any CPU.ActiveCfg = Debug|Any CPU
		{DECE4A98-3899-405E-9853-258BE7D80417}.Debug|Any CPU.Build.0 = Debug|Any CPU
		{DECE4A98-3899-405E-9853-258BE7D80417}.Release|Any CPU.ActiveCfg = Release|Any CPU
		{DECE4A98-3899-405E-9853-258BE7D80417}.Release|Any CPU.Build.0 = Release|Any CPU
		{4495B1B2-6A97-46EC-AFF3-CC3BFDC43091}.Debug|Any CPU.ActiveCfg = Debug|Any CPU
		{4495B1B2-6A97-46EC-AFF3-CC3BFDC43091}.Debug|Any CPU.Build.0 = Debug|Any CPU
		{4495B1B2-6A97-46EC-AFF3-CC3BFDC43091}.Release|Any CPU.ActiveCfg = Release|Any CPU
		{4495B1B2-6A97-46EC-AFF3-CC3BFDC43091}.Release|Any CPU.Build.0 = Release|Any CPU
	EndGlobalSection
	GlobalSection(NestedProjects) = preSolution
		{9F60DF90-2979-4D33-9BF4-3ED638F22682} = {485B8215-7D03-4087-90DA-EC1EAFC682BC}
		{1BCD99AF-8537-44AF-B2FB-C0C5390A5EC0} = {485B8215-7D03-4087-90DA-EC1EAFC682BC}
		{60FF3110-BB73-4A6D-9F84-F63DBFB70D04} = {485B8215-7D03-4087-90DA-EC1EAFC682BC}
		{3E29A50A-045D-4654-B422-CD61E1FE09AE} = {485B8215-7D03-4087-90DA-EC1EAFC682BC}
		{EF8230CD-A31B-4AAF-98DD-8E037AAE996C} = {485B8215-7D03-4087-90DA-EC1EAFC682BC}
		{DECE4A98-3899-405E-9853-258BE7D80417} = {485B8215-7D03-4087-90DA-EC1EAFC682BC}
		{4495B1B2-6A97-46EC-AFF3-CC3BFDC43091} = {485B8215-7D03-4087-90DA-EC1EAFC682BC}
	EndGlobalSection
EndGlobal
